
Microsoft Visual Studio Solution File, Format Version 12.00
# Visual Studio 15
VisualStudioVersion = 15.0.26430.14
MinimumVisualStudioVersion = 10.0.40219.1
Project("{FAE04EC0-301F-11D3-BF4B-00C04F79EFBC}") = "BerlinClock", "BerlinClock.csproj", "{0451204D-BF86-43E1-B560-FC9AC830B9A9}"
EndProject
Project("{FAE04EC0-301F-11D3-BF4B-00C04F79EFBC}") = "BerlinClockTest", "..\BerlinClockTest\BerlinClockTest.csproj", "{35654AE8-39F1-4D77-806A-08195C374018}"
EndProject
Global
	GlobalSection(SolutionConfigurationPlatforms) = preSolution
		Debug|Any CPU = Debug|Any CPU
		Release|Any CPU = Release|Any CPU
	EndGlobalSection
	GlobalSection(ProjectConfigurationPlatforms) = postSolution
		{0451204D-BF86-43E1-B560-FC9AC830B9A9}.Debug|Any CPU.ActiveCfg = Debug|Any CPU
		{0451204D-BF86-43E1-B560-FC9AC830B9A9}.Debug|Any CPU.Build.0 = Debug|Any CPU
		{0451204D-BF86-43E1-B560-FC9AC830B9A9}.Release|Any CPU.ActiveCfg = Release|Any CPU
		{0451204D-BF86-43E1-B560-FC9AC830B9A9}.Release|Any CPU.Build.0 = Release|Any CPU
		{35654AE8-39F1-4D77-806A-08195C374018}.Debug|Any CPU.ActiveCfg = Debug|Any CPU
		{35654AE8-39F1-4D77-806A-08195C374018}.Debug|Any CPU.Build.0 = Debug|Any CPU
		{35654AE8-39F1-4D77-806A-08195C374018}.Release|Any CPU.ActiveCfg = Release|Any CPU
		{35654AE8-39F1-4D77-806A-08195C374018}.Release|Any CPU.Build.0 = Release|Any CPU
	EndGlobalSection
	GlobalSection(SolutionProperties) = preSolution
		HideSolutionNode = FALSE
	EndGlobalSection
	GlobalSection(TeamFoundationVersionControl) = preSolution
		SccNumberOfProjects = 3
		SccEnterpriseProvider = {4CA58AB2-18FA-4F8D-95D4-32DDF27D184C}
		SccTeamFoundationServer = https://pluciorx.visualstudio.com/
		SccLocalPath0 = .
		SccProjectUniqueName1 = ..\\BerlinClockTest\\BerlinClockTest.csproj
		SccProjectName1 = ../BerlinClockTest
		SccLocalPath1 = ..\\BerlinClockTest
		SccProjectUniqueName2 = BerlinClock.csproj
		SccLocalPath2 = .
	EndGlobalSection
EndGlobal
